
Microsoft Visual Studio Solution File, Format Version 12.00
Project("{2150E333-8FDC-42A3-9474-1A3956D46DE8}") = "Server", "Server", "{5E859DB9-96E3-4E07-B785-BC37DF34FE0D}"
EndProject
Project("{FAE04EC0-301F-11D3-BF4B-00C04F79EFBC}") = "Entities", "Server\Entities\Entities.csproj", "{C35E9189-99D5-41FE-9894-D0D0BA972694}"
EndProject
Project("{FAE04EC0-301F-11D3-BF4B-00C04F79EFBC}") = "RepositoryContracts", "Server\RepositoryContracts\RepositoryContracts.csproj", "{616F376E-6E56-475B-ACA5-2D6AA8B9F916}"
EndProject
Project("{FAE04EC0-301F-11D3-BF4B-00C04F79EFBC}") = "InMemoryRepositories", "Server\InMemoryRepositories\InMemoryRepositories.csproj", "{DDC72555-D199-468D-A9DB-1179C3BCDAA2}"
EndProject
Project("{FAE04EC0-301F-11D3-BF4B-00C04F79EFBC}") = "CLI", "Server\CLI\CLI.csproj", "{4DB1209F-2F85-46D4-AD2F-4F6C5E999090}"
EndProject
Project("{FAE04EC0-301F-11D3-BF4B-00C04F79EFBC}") = "FileRepositories", "Server\FileRepositories\FileRepositories.csproj", "{A428B88F-05F1-4D98-BDDA-C328FAEE7C20}"
EndProject
Project("{2150E333-8FDC-42A3-9474-1A3956D46DE8}") = "Shared", "Shared", "{CC07F815-B1C1-46C1-8CA7-6EF671D2D7F4}"
EndProject
Project("{FAE04EC0-301F-11D3-BF4B-00C04F79EFBC}") = "ApiContracts", "Shared\ApiContracts\ApiContracts.csproj", "{553E2D9A-7FA1-48AA-B078-263C29EDAB74}"
EndProject
Project("{FAE04EC0-301F-11D3-BF4B-00C04F79EFBC}") = "WebAPI", "Server\WebAPI\WebAPI.csproj", "{AEBE1FCD-4A6B-48EC-B8C0-E73AFC4D0C1A}"
EndProject
Project("{2150E333-8FDC-42A3-9474-1A3956D46DE8}") = "Client", "Client", "{65D0A06F-45AD-49E8-90C5-5FEED17E51A4}"
EndProject
Project("{FAE04EC0-301F-11D3-BF4B-00C04F79EFBC}") = "BlazorApp", "Client\BlazorApp\BlazorApp.csproj", "{A2B952A3-E13B-473C-BB69-E3D821F39F3D}"
EndProject
Global
	GlobalSection(SolutionConfigurationPlatforms) = preSolution
		Debug|Any CPU = Debug|Any CPU
		Release|Any CPU = Release|Any CPU
	EndGlobalSection
	GlobalSection(NestedProjects) = preSolution
		{C35E9189-99D5-41FE-9894-D0D0BA972694} = {5E859DB9-96E3-4E07-B785-BC37DF34FE0D}
		{616F376E-6E56-475B-ACA5-2D6AA8B9F916} = {5E859DB9-96E3-4E07-B785-BC37DF34FE0D}
		{DDC72555-D199-468D-A9DB-1179C3BCDAA2} = {5E859DB9-96E3-4E07-B785-BC37DF34FE0D}
		{4DB1209F-2F85-46D4-AD2F-4F6C5E999090} = {5E859DB9-96E3-4E07-B785-BC37DF34FE0D}
		{A428B88F-05F1-4D98-BDDA-C328FAEE7C20} = {5E859DB9-96E3-4E07-B785-BC37DF34FE0D}
		{553E2D9A-7FA1-48AA-B078-263C29EDAB74} = {CC07F815-B1C1-46C1-8CA7-6EF671D2D7F4}
		{AEBE1FCD-4A6B-48EC-B8C0-E73AFC4D0C1A} = {5E859DB9-96E3-4E07-B785-BC37DF34FE0D}
		{A2B952A3-E13B-473C-BB69-E3D821F39F3D} = {65D0A06F-45AD-49E8-90C5-5FEED17E51A4}
	EndGlobalSection
	GlobalSection(ProjectConfigurationPlatforms) = postSolution
		{C35E9189-99D5-41FE-9894-D0D0BA972694}.Debug|Any CPU.ActiveCfg = Debug|Any CPU
		{C35E9189-99D5-41FE-9894-D0D0BA972694}.Debug|Any CPU.Build.0 = Debug|Any CPU
		{C35E9189-99D5-41FE-9894-D0D0BA972694}.Release|Any CPU.ActiveCfg = Release|Any CPU
		{C35E9189-99D5-41FE-9894-D0D0BA972694}.Release|Any CPU.Build.0 = Release|Any CPU
		{616F376E-6E56-475B-ACA5-2D6AA8B9F916}.Debug|Any CPU.ActiveCfg = Debug|Any CPU
		{616F376E-6E56-475B-ACA5-2D6AA8B9F916}.Debug|Any CPU.Build.0 = Debug|Any CPU
		{616F376E-6E56-475B-ACA5-2D6AA8B9F916}.Release|Any CPU.ActiveCfg = Release|Any CPU
		{616F376E-6E56-475B-ACA5-2D6AA8B9F916}.Release|Any CPU.Build.0 = Release|Any CPU
		{DDC72555-D199-468D-A9DB-1179C3BCDAA2}.Debug|Any CPU.ActiveCfg = Debug|Any CPU
		{DDC72555-D199-468D-A9DB-1179C3BCDAA2}.Debug|Any CPU.Build.0 = Debug|Any CPU
		{DDC72555-D199-468D-A9DB-1179C3BCDAA2}.Release|Any CPU.ActiveCfg = Release|Any CPU
		{DDC72555-D199-468D-A9DB-1179C3BCDAA2}.Release|Any CPU.Build.0 = Release|Any CPU
		{4DB1209F-2F85-46D4-AD2F-4F6C5E999090}.Debug|Any CPU.ActiveCfg = Debug|Any CPU
		{4DB1209F-2F85-46D4-AD2F-4F6C5E999090}.Debug|Any CPU.Build.0 = Debug|Any CPU
		{4DB1209F-2F85-46D4-AD2F-4F6C5E999090}.Release|Any CPU.ActiveCfg = Release|Any CPU
		{4DB1209F-2F85-46D4-AD2F-4F6C5E999090}.Release|Any CPU.Build.0 = Release|Any CPU
		{A428B88F-05F1-4D98-BDDA-C328FAEE7C20}.Debug|Any CPU.ActiveCfg = Debug|Any CPU
		{A428B88F-05F1-4D98-BDDA-C328FAEE7C20}.Debug|Any CPU.Build.0 = Debug|Any CPU
		{A428B88F-05F1-4D98-BDDA-C328FAEE7C20}.Release|Any CPU.ActiveCfg = Release|Any CPU
		{A428B88F-05F1-4D98-BDDA-C328FAEE7C20}.Release|Any CPU.Build.0 = Release|Any CPU
		{553E2D9A-7FA1-48AA-B078-263C29EDAB74}.Debug|Any CPU.ActiveCfg = Debug|Any CPU
		{553E2D9A-7FA1-48AA-B078-263C29EDAB74}.Debug|Any CPU.Build.0 = Debug|Any CPU
		{553E2D9A-7FA1-48AA-B078-263C29EDAB74}.Release|Any CPU.ActiveCfg = Release|Any CPU
		{553E2D9A-7FA1-48AA-B078-263C29EDAB74}.Release|Any CPU.Build.0 = Release|Any CPU
		{AEBE1FCD-4A6B-48EC-B8C0-E73AFC4D0C1A}.Debug|Any CPU.ActiveCfg = Debug|Any CPU
		{AEBE1FCD-4A6B-48EC-B8C0-E73AFC4D0C1A}.Debug|Any CPU.Build.0 = Debug|Any CPU
		{AEBE1FCD-4A6B-48EC-B8C0-E73AFC4D0C1A}.Release|Any CPU.ActiveCfg = Release|Any CPU
		{AEBE1FCD-4A6B-48EC-B8C0-E73AFC4D0C1A}.Release|Any CPU.Build.0 = Release|Any CPU
		{A2B952A3-E13B-473C-BB69-E3D821F39F3D}.Debug|Any CPU.ActiveCfg = Debug|Any CPU
		{A2B952A3-E13B-473C-BB69-E3D821F39F3D}.Debug|Any CPU.Build.0 = Debug|Any CPU
		{A2B952A3-E13B-473C-BB69-E3D821F39F3D}.Release|Any CPU.ActiveCfg = Release|Any CPU
		{A2B952A3-E13B-473C-BB69-E3D821F39F3D}.Release|Any CPU.Build.0 = Release|Any CPU
	EndGlobalSection
EndGlobal
