
Microsoft Visual Studio Solution File, Format Version 12.00
Project("{2150E333-8FDC-42A3-9474-1A3956D46DE8}") = "Server", "Server", "{4BB72DE1-62B5-41CA-8EAF-863E1211AE24}"
EndProject
Project("{FAE04EC0-301F-11D3-BF4B-00C04F79EFBC}") = "Entities", "Entities\Entities.csproj", "{E868BCF0-2F60-4D9E-A28C-6D287D227D1F}"
EndProject
Global
	GlobalSection(SolutionConfigurationPlatforms) = preSolution
		Debug|Any CPU = Debug|Any CPU
		Release|Any CPU = Release|Any CPU
	EndGlobalSection
	GlobalSection(NestedProjects) = preSolution
		{E868BCF0-2F60-4D9E-A28C-6D287D227D1F} = {4BB72DE1-62B5-41CA-8EAF-863E1211AE24}
	EndGlobalSection
	GlobalSection(ProjectConfigurationPlatforms) = postSolution
		{E868BCF0-2F60-4D9E-A28C-6D287D227D1F}.Debug|Any CPU.ActiveCfg = Debug|Any CPU
		{E868BCF0-2F60-4D9E-A28C-6D287D227D1F}.Debug|Any CPU.Build.0 = Debug|Any CPU
		{E868BCF0-2F60-4D9E-A28C-6D287D227D1F}.Release|Any CPU.ActiveCfg = Release|Any CPU
		{E868BCF0-2F60-4D9E-A28C-6D287D227D1F}.Release|Any CPU.Build.0 = Release|Any CPU
	EndGlobalSection
EndGlobal
